
Microsoft Visual Studio Solution File, Format Version 12.00
# Visual Studio 15
VisualStudioVersion = 15.0.27004.2008
MinimumVisualStudioVersion = 10.0.40219.1
Project("{D954291E-2A0B-460D-934E-DC6B0785DB48}") = "Nebulosa", "Nebulosa\Nebulosa\Nebulosa.shproj", "{475996DC-3D3D-416F-B03D-FB82A181A2CA}"
EndProject
Project("{FAE04EC0-301F-11D3-BF4B-00C04F79EFBC}") = "Nebulosa.Android", "Nebulosa\Nebulosa.Android\Nebulosa.Android.csproj", "{2F8FCF95-8E75-46EA-9FF0-24B335CB5A3D}"
EndProject
Project("{FAE04EC0-301F-11D3-BF4B-00C04F79EFBC}") = "Nebulosa.iOS", "Nebulosa\Nebulosa.iOS\Nebulosa.iOS.csproj", "{F7AC0618-86F3-4870-9B96-91B180BF6398}"
EndProject
Project("{2150E333-8FDC-42A3-9474-1A3956D46DE8}") = "Solution Items", "Solution Items", "{73280008-35FD-4DEC-8807-2024BAF0C330}"
	ProjectSection(SolutionItems) = preProject
		appcenter-pre-build.sh = appcenter-pre-build.sh
	EndProjectSection
EndProject
Global
	GlobalSection(SharedMSBuildProjectFiles) = preSolution
		Nebulosa\Nebulosa\Nebulosa.projitems*{2f8fcf95-8e75-46ea-9ff0-24b335cb5a3d}*SharedItemsImports = 4
		Nebulosa\Nebulosa\Nebulosa.projitems*{475996dc-3d3d-416f-b03d-fb82a181a2ca}*SharedItemsImports = 13
		Nebulosa\Nebulosa\Nebulosa.projitems*{f7ac0618-86f3-4870-9b96-91b180bf6398}*SharedItemsImports = 4
	EndGlobalSection
	GlobalSection(SolutionConfigurationPlatforms) = preSolution
		Ad-Hoc|Any CPU = Ad-Hoc|Any CPU
		Ad-Hoc|iPhone = Ad-Hoc|iPhone
		Ad-Hoc|iPhoneSimulator = Ad-Hoc|iPhoneSimulator
		AppStore|Any CPU = AppStore|Any CPU
		AppStore|iPhone = AppStore|iPhone
		AppStore|iPhoneSimulator = AppStore|iPhoneSimulator
		Debug|Any CPU = Debug|Any CPU
		Debug|iPhone = Debug|iPhone
		Debug|iPhoneSimulator = Debug|iPhoneSimulator
		Release|Any CPU = Release|Any CPU
		Release|iPhone = Release|iPhone
		Release|iPhoneSimulator = Release|iPhoneSimulator
	EndGlobalSection
	GlobalSection(ProjectConfigurationPlatforms) = postSolution
		{2F8FCF95-8E75-46EA-9FF0-24B335CB5A3D}.Ad-Hoc|Any CPU.ActiveCfg = Release|Any CPU
		{2F8FCF95-8E75-46EA-9FF0-24B335CB5A3D}.Ad-Hoc|Any CPU.Build.0 = Release|Any CPU
		{2F8FCF95-8E75-46EA-9FF0-24B335CB5A3D}.Ad-Hoc|Any CPU.Deploy.0 = Release|Any CPU
		{2F8FCF95-8E75-46EA-9FF0-24B335CB5A3D}.Ad-Hoc|iPhone.ActiveCfg = Release|Any CPU
		{2F8FCF95-8E75-46EA-9FF0-24B335CB5A3D}.Ad-Hoc|iPhone.Build.0 = Release|Any CPU
		{2F8FCF95-8E75-46EA-9FF0-24B335CB5A3D}.Ad-Hoc|iPhone.Deploy.0 = Release|Any CPU
		{2F8FCF95-8E75-46EA-9FF0-24B335CB5A3D}.Ad-Hoc|iPhoneSimulator.ActiveCfg = Release|Any CPU
		{2F8FCF95-8E75-46EA-9FF0-24B335CB5A3D}.Ad-Hoc|iPhoneSimulator.Build.0 = Release|Any CPU
		{2F8FCF95-8E75-46EA-9FF0-24B335CB5A3D}.Ad-Hoc|iPhoneSimulator.Deploy.0 = Release|Any CPU
		{2F8FCF95-8E75-46EA-9FF0-24B335CB5A3D}.AppStore|Any CPU.ActiveCfg = Release|Any CPU
		{2F8FCF95-8E75-46EA-9FF0-24B335CB5A3D}.AppStore|Any CPU.Build.0 = Release|Any CPU
		{2F8FCF95-8E75-46EA-9FF0-24B335CB5A3D}.AppStore|Any CPU.Deploy.0 = Release|Any CPU
		{2F8FCF95-8E75-46EA-9FF0-24B335CB5A3D}.AppStore|iPhone.ActiveCfg = Release|Any CPU
		{2F8FCF95-8E75-46EA-9FF0-24B335CB5A3D}.AppStore|iPhone.Build.0 = Release|Any CPU
		{2F8FCF95-8E75-46EA-9FF0-24B335CB5A3D}.AppStore|iPhone.Deploy.0 = Release|Any CPU
		{2F8FCF95-8E75-46EA-9FF0-24B335CB5A3D}.AppStore|iPhoneSimulator.ActiveCfg = Release|Any CPU
		{2F8FCF95-8E75-46EA-9FF0-24B335CB5A3D}.AppStore|iPhoneSimulator.Build.0 = Release|Any CPU
		{2F8FCF95-8E75-46EA-9FF0-24B335CB5A3D}.AppStore|iPhoneSimulator.Deploy.0 = Release|Any CPU
		{2F8FCF95-8E75-46EA-9FF0-24B335CB5A3D}.Debug|Any CPU.ActiveCfg = Debug|Any CPU
		{2F8FCF95-8E75-46EA-9FF0-24B335CB5A3D}.Debug|Any CPU.Build.0 = Debug|Any CPU
		{2F8FCF95-8E75-46EA-9FF0-24B335CB5A3D}.Debug|Any CPU.Deploy.0 = Debug|Any CPU
		{2F8FCF95-8E75-46EA-9FF0-24B335CB5A3D}.Debug|iPhone.ActiveCfg = Debug|Any CPU
		{2F8FCF95-8E75-46EA-9FF0-24B335CB5A3D}.Debug|iPhone.Build.0 = Debug|Any CPU
		{2F8FCF95-8E75-46EA-9FF0-24B335CB5A3D}.Debug|iPhone.Deploy.0 = Debug|Any CPU
		{2F8FCF95-8E75-46EA-9FF0-24B335CB5A3D}.Debug|iPhoneSimulator.ActiveCfg = Debug|Any CPU
		{2F8FCF95-8E75-46EA-9FF0-24B335CB5A3D}.Debug|iPhoneSimulator.Build.0 = Debug|Any CPU
		{2F8FCF95-8E75-46EA-9FF0-24B335CB5A3D}.Debug|iPhoneSimulator.Deploy.0 = Debug|Any CPU
		{2F8FCF95-8E75-46EA-9FF0-24B335CB5A3D}.Release|Any CPU.ActiveCfg = Release|Any CPU
		{2F8FCF95-8E75-46EA-9FF0-24B335CB5A3D}.Release|Any CPU.Build.0 = Release|Any CPU
		{2F8FCF95-8E75-46EA-9FF0-24B335CB5A3D}.Release|Any CPU.Deploy.0 = Release|Any CPU
		{2F8FCF95-8E75-46EA-9FF0-24B335CB5A3D}.Release|iPhone.ActiveCfg = Release|Any CPU
		{2F8FCF95-8E75-46EA-9FF0-24B335CB5A3D}.Release|iPhone.Build.0 = Release|Any CPU
		{2F8FCF95-8E75-46EA-9FF0-24B335CB5A3D}.Release|iPhone.Deploy.0 = Release|Any CPU
		{2F8FCF95-8E75-46EA-9FF0-24B335CB5A3D}.Release|iPhoneSimulator.ActiveCfg = Release|Any CPU
		{2F8FCF95-8E75-46EA-9FF0-24B335CB5A3D}.Release|iPhoneSimulator.Build.0 = Release|Any CPU
		{2F8FCF95-8E75-46EA-9FF0-24B335CB5A3D}.Release|iPhoneSimulator.Deploy.0 = Release|Any CPU
		{F7AC0618-86F3-4870-9B96-91B180BF6398}.Ad-Hoc|Any CPU.ActiveCfg = Ad-Hoc|iPhoneSimulator
		{F7AC0618-86F3-4870-9B96-91B180BF6398}.Ad-Hoc|iPhone.ActiveCfg = Ad-Hoc|iPhone
		{F7AC0618-86F3-4870-9B96-91B180BF6398}.Ad-Hoc|iPhone.Build.0 = Ad-Hoc|iPhone
		{F7AC0618-86F3-4870-9B96-91B180BF6398}.Ad-Hoc|iPhoneSimulator.ActiveCfg = Ad-Hoc|iPhoneSimulator
		{F7AC0618-86F3-4870-9B96-91B180BF6398}.Ad-Hoc|iPhoneSimulator.Build.0 = Ad-Hoc|iPhoneSimulator
		{F7AC0618-86F3-4870-9B96-91B180BF6398}.AppStore|Any CPU.ActiveCfg = AppStore|iPhoneSimulator
		{F7AC0618-86F3-4870-9B96-91B180BF6398}.AppStore|iPhone.ActiveCfg = AppStore|iPhone
		{F7AC0618-86F3-4870-9B96-91B180BF6398}.AppStore|iPhone.Build.0 = AppStore|iPhone
		{F7AC0618-86F3-4870-9B96-91B180BF6398}.AppStore|iPhoneSimulator.ActiveCfg = AppStore|iPhoneSimulator
		{F7AC0618-86F3-4870-9B96-91B180BF6398}.AppStore|iPhoneSimulator.Build.0 = AppStore|iPhoneSimulator
		{F7AC0618-86F3-4870-9B96-91B180BF6398}.Debug|Any CPU.ActiveCfg = Debug|iPhoneSimulator
		{F7AC0618-86F3-4870-9B96-91B180BF6398}.Debug|iPhone.ActiveCfg = Debug|iPhone
		{F7AC0618-86F3-4870-9B96-91B180BF6398}.Debug|iPhone.Build.0 = Debug|iPhone
		{F7AC0618-86F3-4870-9B96-91B180BF6398}.Debug|iPhoneSimulator.ActiveCfg = Debug|iPhoneSimulator
		{F7AC0618-86F3-4870-9B96-91B180BF6398}.Debug|iPhoneSimulator.Build.0 = Debug|iPhoneSimulator
		{F7AC0618-86F3-4870-9B96-91B180BF6398}.Release|Any CPU.ActiveCfg = Release|iPhoneSimulator
		{F7AC0618-86F3-4870-9B96-91B180BF6398}.Release|iPhone.ActiveCfg = Release|iPhone
		{F7AC0618-86F3-4870-9B96-91B180BF6398}.Release|iPhone.Build.0 = Release|iPhone
		{F7AC0618-86F3-4870-9B96-91B180BF6398}.Release|iPhoneSimulator.ActiveCfg = Release|iPhoneSimulator
		{F7AC0618-86F3-4870-9B96-91B180BF6398}.Release|iPhoneSimulator.Build.0 = Release|iPhoneSimulator
	EndGlobalSection
	GlobalSection(SolutionProperties) = preSolution
		HideSolutionNode = FALSE
	EndGlobalSection
	GlobalSection(ExtensibilityGlobals) = postSolution
		SolutionGuid = {9BFE9D13-0A47-480F-A791-9EDBB570364F}
	EndGlobalSection
EndGlobal
